dario.cat/mergo v1.0.2 h1:85+piFYR1tMbRrLcDwR18y4UKJ3aH1Tbzi24VRW1TK8=
dario.cat/mergo v1.0.2/go.mod h1:E/hbnu0NxMFBjpMIE34DRGLWqDy0g5FuKDhCb31ngxA=
github.com/BurntSushi/toml v1.6.0 h1:dRaEfpa2VI55EwlIW72hMRHdWouJeRF7TPYhI+AUQjk=
github.com/BurntSushi/toml v1.6.0/go.mod h1:ukJfTF/6rtPPRCnwkur4qwRxa8vTRFBF0uk2lLoLwho=
github.com/CloudyKit/fastprinter v0.0.0-20200109182630-33d98a066a53/go.mod h1:+3IMCy2vIlbG1XG/0ggNQv0SvxCAIpPM5b1nCz56Xno=
github.com/CloudyKit/fastprinter v0.0.0-20251202014920-1725d2651bd4 h1:DQ1+lDdBve+u+aovjh4wV6sYnvZKH0Hx8GaQOi4vYl8=
github.com/CloudyKit/fastprinter v0.0.0-20251202014920-1725d2651bd4/go.mod h1:eauGmjfZG874MOAEPVeqg21mZCbTOLW+tFe8F7NpfnY=
github.com/CloudyKit/jet/v6 v6.3.2 h1:BPaX0lnXTZ9TniICiiK/0iJqzeGJ2ibvB4DjAqLMBSM=
github.com/CloudyKit/jet/v6 v6.3.2/go.mod h1:lf8ksdNsxZt7/yH/3n4vJQWA9RUq4wpaHtArHhGVMOw=
github.com/alecthomas/assert/v2 v2.11.0 h1:2Q9r3ki8+JYXvGsDyBXwH3LcJ+WK5D0gc5E8vS6K3D0=
github.com/alecthomas/assert/v2 v2.11.0/go.mod h1:Bze95FyfUr7x34QZrjL+XP+0qgp/zg8yS+TtBj1WA3k=
github.com/alecthomas/chroma/v2 v2.27.0 h1:FodwmyOBgJULFYmDqibcp9pvfDLWdtPRh9v/r5BXYZs=
github.com/alecthomas/chroma/v2 v2.27.0/go.mod h1:NjJ3ciIgrqBNeIkWZ4e46nseoLDslxU1LmfCoL+wcY8=
github.com/alecthomas/repr v0.5.2 h1:SU73FTI9D1P5UNtvseffFSGmdNci/O6RsqzeXJtP0Qs=
github.com/alecthomas/repr v0.5.2/go.mod h1:Fr0507jx4eOXV7AlPV6AVZLYrLIuIeSOWtW57eE/O/4=
github.com/aymanbagabas/go-osc52/v2 v2.0.1 h1:HwpRHbFMcZLEVr42D4p7XBqjyuxQH5SMiErDT4WkJ2k=
github.com/aymanbagabas/go-osc52/v2 v2.0.1/go.mod h1:uYgXzlJ7ZpABp8OJ+exZzJJhRNQ2ASbcXHWsFqH8hp8=
github.com/aymanbagabas/go-udiff v0.2.0 h1:TK0fH4MteXUDspT88n8CKzvK0X9O2xu9yQjWpi6yML8=
github.com/aymanbagabas/go-udiff v0.2.0/go.mod h1:RE4Ex0qsGkTAJoQdQQCA0uG+nAzJO/pI/QwceO5fgrA=
github.com/aymerick/douceur v0.2.0 h1:Mv+mAeH1Q+n9Fr+oyamOlAkUNPWPlA8PPGR0QAaYuPk=
github.com/aymerick/douceur v0.2.0/go.mod h1:wlT5vV2O3h55X9m7iVYN0TBM0NH/MmbLnd30/FjWUq4=
github.com/charmbracelet/colorprofile v0.4.3 h1:QPa1IWkYI+AOB+fE+mg/5/4HRMZcaXex9t5KX76i20Q=
github.com/charmbracelet/colorprofile v0.4.3/go.mod h1:/zT4BhpD5aGFpqQQqw7a+VtHCzu+zrQtt1zhMt9mR4Q=
github.com/charmbracelet/glamour v1.0.0 h1:AWMLOVFHTsysl4WV8T8QgkQ0s/ZNZo7CiE4WKhk8l08=
github.com/charmbracelet/glamour v1.0.0/go.mod h1:DSdohgOBkMr2ZQNhw4LZxSGpx3SvpeujNoXrQyH2hxo=
github.com/charmbracelet/lipgloss v1.1.1-0.20250404203927-76690c660834 h1:ZR7e0ro+SZZiIZD7msJyA+NjkCNNavuiPBLgerbOziE=
github.com/charmbracelet/lipgloss v1.1.1-0.20250404203927-76690c660834/go.mod h1:aKC/t2arECF6rNOnaKaVU6y4t4ZeHQzqfxedE/VkVhA=
github.com/charmbracelet/x/ansi v0.11.7 h1:kzv1kJvjg2S3r9KHo8hDdHFQLEqn4RBCb39dAYC84jI=
github.com/charmbracelet/x/ansi v0.11.7/go.mod h1:9qGpnAVYz+8ACONkZBUWPtL7lulP9No6p1epAihUZwQ=
github.com/charmbracelet/x/cellbuf v0.0.15 h1:ur3pZy0o6z/R7EylET877CBxaiE1Sp1GMxoFPAIztPI=
github.com/charmbracelet/x/cellbuf v0.0.15/go.mod h1:J1YVbR7MUuEGIFPCaaZ96KDl5NoS0DAWkskup+mOY+Q=
github.com/charmbracelet/x/exp/golden v0.0.0-20240806155701-69247e0abc2a h1:G99klV19u0QnhiizODirwVksQB91TJKV/UaTnACcG30=
github.com/charmbracelet/x/exp/golden v0.0.0-20240806155701-69247e0abc2a/go.mod h1:wDlXFlCrmJ8J+swcL/MnGUuYnqgQdW9rhSD61oNMb6U=
github.com/charmbracelet/x/exp/slice v0.0.0-20260705004817-2cc9a8fe1146 h1:1KOokKxCor/1b/idDJ67I/7xUYx6lIhcD8aG4OZKQSc=
github.com/charmbracelet/x/exp/slice v0.0.0-20260705004817-2cc9a8fe1146/go.mod h1:vqEfX6xzqW1pKKZUUiFOKg0OQ7bCh54Q2vR/tserrRA=
github.com/charmbracelet/x/term v0.2.2 h1:xVRT/S2ZcKdhhOuSP4t5cLi5o+JxklsoEObBSgfgZRk=
github.com/charmbracelet/x/term v0.2.2/go.mod h1:kF8CY5RddLWrsgVwpw4kAa6TESp6EB5y3uxGLeCqzAI=
github.com/chzyer/logex v1.2.1 h1:XHDu3E6q+gdHgsdTPH6ImJMIp436vR6MPtH8gP05QzM=
github.com/chzyer/logex v1.2.1/go.mod h1:JLbx6lG2kDbNRFnfkgvh4eRJRPX1QCoOIWomwysCBrQ=
github.com/chzyer/readline v1.5.1 h1:upd/6fQk4src78LMRzh5vItIt361/o4uq553V8B5sGI=
github.com/chzyer/readline v1.5.1/go.mod h1:Eh+b79XXUwfKfcPLepksvw2tcLE/Ct21YObkaSkeBlk=
github.com/chzyer/test v1.0.0 h1:p3BQDXSxOhOG0P9z6/hGnII4LGiEPOYBhs8asl/fC04=
github.com/chzyer/test v1.0.0/go.mod h1:2JlltgoNkt4TW/z9V/IzDdFaMTM2JPIi26O1pF38GC8=
github.com/clipperhouse/displaywidth v0.11.0 h1:lBc6kY44VFw+TDx4I8opi/EtL9m20WSEFgwIwO+UVM8=
github.com/clipperhouse/displaywidth v0.11.0/go.mod h1:bkrFNkf81G8HyVqmKGxsPufD3JhNl3dSqnGhOoSD/o0=
github.com/clipperhouse/uax29/v2 v2.7.0 h1:+gs4oBZ2gPfVrKPthwbMzWZDaAFPGYK72F0NJv2v7Vk=
github.com/clipperhouse/uax29/v2 v2.7.0/go.mod h1:EFJ2TJMRUaplDxHKj1qAEhCtQPW2tJSwu5BF98AuoVM=
github.com/d5/tengo/v2 v2.17.0 h1:BWUN9NoJzw48jZKiYDXDIF3QrIVZRm1uV1gTzeZ2lqM=
github.com/d5/tengo/v2 v2.17.0/go.mod h1:XRGjEs5I9jYIKTxly6HCF8oiiilk5E/RYXOZ5b0DZC8=
github.com/dlclark/regexp2/v2 v2.2.2 h1:MYWvNYw8okuqNhwTYO587EZMiDruVa2vhV6fsGpfya0=
github.com/dlclark/regexp2/v2 v2.2.2/go.mod h1:avUrQvPaLz2DrFNHJF0taWAFFX2C1GMSSoeiqFjcBmU=
github.com/expr-lang/expr v1.17.8 h1:W1loDTT+0PQf5YteHSTpju2qfUfNoBt4yw9+wOEU9VM=
github.com/expr-lang/expr v1.17.8/go.mod h1:8/vRC7+7HBzESEqt5kKpYXxrxkr31SaO8r40VO/1IT4=
github.com/fsnotify/fsnotify v1.10.1 h1:b0/UzAf9yR5rhf3RPm9gf3ehBPpf0oZKIjtpKrx59Ho=
github.com/fsnotify/fsnotify v1.10.1/go.mod h1:TLheqan6HD6GBK6PrDWyDPBaEV8LspOxvPSjC+bVfgo=
github.com/go-viper/mapstructure/v2 v2.5.0 h1:vM5IJoUAy3d7zRSVtIwQgBj7BiWtMPfmPEgAXnvj1Ro=
github.com/go-viper/mapstructure/v2 v2.5.0/go.mod h1:oJDH3BJKyqBA2TXFhDsKDGDTlndYOZ6rGS0BRZIxGhM=
github.com/goccy/go-json v0.10.6 h1:p8HrPJzOakx/mn/bQtjgNjdTcN+/S6FcG2CTtQOrHVU=
github.com/goccy/go-json v0.10.6/go.mod h1:oq7eo15ShAhp70Anwd5lgX2pLfOS3QCiwU/PULtXL6M=
github.com/goccy/go-yaml v1.19.2 h1:PmFC1S6h8ljIz6gMRBopkjP1TVT7xuwrButHID66PoM=
github.com/goccy/go-yaml v1.19.2/go.mod h1:XBurs7gK8ATbW4ZPGKgcbrY1Br56PdM69F7LkFRi1kA=
github.com/gofrs/uuid/v5 v5.4.0 h1:EfbpCTjqMuGyq5ZJwxqzn3Cbr2d0rUZU7v5ycAk/e/0=
github.com/gofrs/uuid/v5 v5.4.0/go.mod h1:CDOjlDMVAtN56jqyRUZh58JT31Tiw7/oQyEXZV+9bD8=
github.com/gomarkdown/markdown v0.0.0-20260614204949-e08cff860f76 h1:Ltt9ldIaSYEsjA7sPY2c8r9dOmnKM1vlzhh3dxlhBHM=
github.com/gomarkdown/markdown v0.0.0-20260614204949-e08cff860f76/go.mod h1:JDGcbDT52eL4fju3sZ4TeHGsQwhG9nbDV21aMyhwPoA=
github.com/gookit/assert v0.1.1 h1:lh3GcawXe/p+cU7ESTZ5Ui3Sm/x8JWpIis4/1aF0mY0=
github.com/gookit/assert v0.1.1/go.mod h1:jS5bmIVQZTIwk42uXl4lyj4iaaxx32tqH16CFj0VX2E=
github.com/gookit/cliui v0.3.2-0.20260624120656-906827b77d7b h1:gn4rA0sO4/vgdh55Ajm7wKpRJ1iVHlb0Tm9+p34wDsw=
github.com/gookit/cliui v0.3.2-0.20260624120656-906827b77d7b/go.mod h1:/Yk2UVapnENybchEgXsv4JbX2BPY2tvyT0FfdnzVpDw=
github.com/gookit/color v1.6.2-0.20260604125953-289d54c4470a h1:utlwkRKoYYXGEGyQBQSy7p/gYxOV9SQXvF9JhaRoLmA=
github.com/gookit/color v1.6.2-0.20260604125953-289d54c4470a/go.mod h1:9ACFc7/1IpHGBW8RwuDm/0YEnhg3dwwXpoMsmtyHfjs=
github.com/gookit/config/v2 v2.2.9 h1:ojnE2743wU+DHKWR07x2lWjoONaSkkaTzoNozyHF1b4=
github.com/gookit/config/v2 v2.2.9/go.mod h1:PgwcvKHnKZk8w/JdqvdF452OXeYnaHj72OEPhffrniA=
github.com/gookit/easytpl v1.1.1 h1:3eECOaJMmbbNRmH51HiKlwm01uVWXPyFZfzH0OiptS0=
github.com/gookit/easytpl v1.1.1/go.mod h1:EO9yMzhvpHTpU4CVkKsqM6TQ3Z0bsO+PaGECKjShPWs=
github.com/gookit/gcli/v3 v3.8.1 h1:Sr4O7Js/akzNC72TlZQxOCzJC/aLewhANxcQzxbK1d4=
github.com/gookit/gcli/v3 v3.8.1/go.mod h1:o+bAsqwwH+XdOcmWnZmZ8GJQ7A1GluqxYCQ83H63YME=
github.com/gookit/gitw v0.4.1 h1:wfhH9VpWNkaUjmPGiIDT+WbHLJ0q8YvkhW8qOJRPCBQ=
github.com/gookit/gitw v0.4.1/go.mod h1:eQJqzWoznK+MEdCnhKnljhB55dd5UxVXImgUERLoeSs=
github.com/gookit/goutil v0.8.0 h1:efZWxfesXw8+5tQfTfRMSIC6A0ax527/H+A/aIiaSrw=
github.com/gookit/goutil v0.8.0/go.mod h1:vJS9HXctYTCLtCsZot5L5xF+O1oR17cDYO9R0HxBmnU=
github.com/gookit/greq v0.7.1 h1:wBms+0VC9sLBDK5zRPEAdwrQUhwZlOfwuvscHtNVM/g=
github.com/gookit/greq v0.7.1/go.mod h1:jSXMv82w+q+QMcb10ytbEhp/2VQQYqjJsr0SFMi/3XI=
github.com/gookit/gsr v0.1.1 h1:TaHD3M7qa6lcAf9D2J4mGNg+QjgDtD1bw7uctF8RXOM=
github.com/gookit/gsr v0.1.1/go.mod h1:7wv4Y4WCnil8+DlDYHBjidzrEzfHhXEoFjEA0pPPWpI=
github.com/gookit/i18n v1.2.2 h1:D4pxMM+9W+MAEx4ecqkyNJeCIvuozsRnJT2AvyOY0JE=
github.com/gookit/i18n v1.2.2/go.mod h1:zRcDqj1qLOn5dPqx0BPkVE7DP52t2sgmKp3Bun3crjE=
github.com/gookit/ini/v2 v2.3.2 h1:W6tzOGE6zOLQelH2xhcH8BIBZPtnEpJgQ+J6SsAKBSw=
github.com/gookit/ini/v2 v2.3.2/go.mod h1:StKSqY5niArRwYBS8Z71+iWUt5ow47qt359sS9YQLYY=
github.com/gookit/rotatefile v0.3.0 h1:9MtCRBM79/Chcqp6ySHHmeDGpJE09WvyRFHo7yCQ+is=
github.com/gookit/rotatefile v0.3.0/go.mod h1:MUaLyw2tEKNe8nta7o2qMfCGST30kzJqybG4KUreIu4=
github.com/gookit/rux/v2 v2.0.2 h1:PI8l+sUrAUUpxXH5axEIO6U5fqJaWTxMRrODROphHZA=
github.com/gookit/rux/v2 v2.0.2/go.mod h1:wu1l2tKUNpuNphE9DoKmADQCwc0MkrTKbv1NV6dlp1g=
github.com/gookit/slog v0.7.1 h1:/q4YtsaJfdtzK+Q1g3QtNoO8cuEF6EjjU56W5U069i8=
github.com/gookit/slog v0.7.1/go.mod h1:aJ4SGHlMR5YdfeQcICQBEn5bnF0Rpnuh+a5FEzQqXpE=
github.com/gorilla/css v1.0.1 h1:ntNaBIghp6JmvWnxbZKANoLyuXTPZ4cAMlo6RyhlbO8=
github.com/gorilla/css v1.0.1/go.mod h1:BvnYkspnSzMmwRK+b8/xgNPLiIuNZr6vbZBTPQ2A3b0=
github.com/hexops/gotextdiff v1.0.3 h1:gitA9+qJrrTCsiCl7+kh75nPqQt1cx4ZkudSTLoUqJM=
github.com/hexops/gotextdiff v1.0.3/go.mod h1:pSWU5MAI3yDq+fZBTazCSJysOMbxWL1BSow5/V2vxeg=
github.com/kylelemons/godebug v1.1.0 h1:RPNrshWIDI6G2gRW9EHilWtl7Z6Sb1BR0xunSBf0SNc=
github.com/kylelemons/godebug v1.1.0/go.mod h1:9/0rRGxNHcop5bhtWyNeEfOS8JIWk580+fNqagV/RAw=
github.com/lucasb-eyer/go-colorful v1.4.0 h1:UtrWVfLdarDgc44HcS7pYloGHJUjHV/4FwW4TvVgFr4=
github.com/lucasb-eyer/go-colorful v1.4.0/go.mod h1:R4dSotOR9KMtayYi1e77YzuveK+i7ruzyGqttikkLy0=
github.com/mattn/go-isatty v0.0.22 h1:j8l17JJ9i6VGPUFUYoTUKPSgKe/83EYU2zBC7YNKMw4=
github.com/mattn/go-isatty v0.0.22/go.mod h1:ZXfXG4SQHsB/w3ZeOYbR0PrPwLy+n6xiMrJlRFqopa4=
github.com/mattn/go-runewidth v0.0.12/go.mod h1:RAqKPSqVFrSLVXbA8x7dzmKdmGzieGRCM46jaSJTDAk=
github.com/mattn/go-runewidth v0.0.24 h1:cpokDiIn0MGnhdHwuWnJBITySJ20QyNGnY2kR/ay2DU=
github.com/mattn/go-runewidth v0.0.24/go.mod h1:XBkDxAl56ILZc9knddidhrOlY5R/pDhgLpndooCuJAs=
github.com/microcosm-cc/bluemonday v1.0.27 h1:MpEUotklkwCSLeH+Qdx1VJgNqLlpY2KXwXFM08ygZfk=
github.com/microcosm-cc/bluemonday v1.0.27/go.mod h1:jFi9vgW+H7c3V0lb6nR74Ib/DIB5OBs92Dimizgw2cA=
github.com/monoculum/formam v3.5.5+incompatible h1:iPl5csfEN96G2N2mGu8V/ZB62XLf9ySTpC8KRH6qXec=
github.com/monoculum/formam v3.5.5+incompatible/go.mod h1:RKgILGEJq24YyJ2ban8EO0RUVSJlF1pGsEvoLEACr/Q=
github.com/muesli/reflow v0.3.0 h1:IFsN6K9NfGtjeggFP+68I4chLZV2yIKsXJFNZ+eWh6s=
github.com/muesli/reflow v0.3.0/go.mod h1:pbwTDkVPibjO2kyvBQRBxTWEEGDGq0FlB1BIKtnHY/8=
github.com/muesli/termenv v0.16.0 h1:S5AlUN9dENB57rsbnkPyfdGuWIlkmzJjbFf0Tf5FWUc=
github.com/muesli/termenv v0.16.0/go.mod h1:ZRfOIKPFDYQoDFF4Olj7/QJbW60Ol/kL1pU3VfY/Cnk=
github.com/rivo/uniseg v0.1.0/go.mod h1:J6wj4VEh+S6ZtnVlnTBMWIodfgj8LQOQFoIToxlJtxc=
github.com/rivo/uniseg v0.2.0/go.mod h1:J6wj4VEh+S6ZtnVlnTBMWIodfgj8LQOQFoIToxlJtxc=
github.com/rivo/uniseg v0.4.7 h1:WUdvkW8uEhrYfLC4ZzdpI2ztxP1I582+49Oc5Mq64VQ=
github.com/rivo/uniseg v0.4.7/go.mod h1:FN3SvrM+Zdj16jyLfmOkMNblXMcoc8DfTHruCPUcx88=
github.com/robertkrimen/otto v0.2.1 h1:FVP0PJ0AHIjC+N4pKCG9yCDz6LHNPCwi/GKID5pGGF0=
github.com/robertkrimen/otto v0.2.1/go.mod h1:UPwtJ1Xu7JrLcZjNWN8orJaM5n5YEtqL//farB5FlRY=
github.com/sashabaranov/go-openai v1.41.2 h1:vfPRBZNMpnqu8ELsclWcAvF19lDNgh1t6TVfFFOPiSM=
github.com/sashabaranov/go-openai v1.41.2/go.mod h1:lj5b/K+zjTSFxVLijLSTDZuP7adOgerWeFyZLUhAKRg=
github.com/titanous/json5 v1.0.0 h1:hJf8Su1d9NuI/ffpxgxQfxh/UiBFZX7bMPid0rIL/7s=
github.com/titanous/json5 v1.0.0/go.mod h1:7JH1M8/LHKc6cyP5o5g3CSaRj+mBrIimTxzpvmckH8c=
github.com/valyala/bytebufferpool v1.0.0 h1:GqA5TC/0021Y/b9FG4Oi9Mr3q7XYx6KllzawFIhcdPw=
github.com/valyala/bytebufferpool v1.0.0/go.mod h1:6bBcMArwyJ5K/AmCkWv1jt77kVWyCJ6HpOuEn7z0Csc=
github.com/xo/terminfo v0.0.0-20220910002029-abceb7e1c41e h1:JVG44RsyaB9T2KIHavMF/ppJZNG9ZpyihvCd0w101no=
github.com/xo/terminfo v0.0.0-20220910002029-abceb7e1c41e/go.mod h1:RbqR21r5mrJuqunuUZ/Dhy/avygyECGrLceyNeo4LiM=
github.com/yosuke-furukawa/json5 v0.1.1 h1:0F9mNwTvOuDNH243hoPqvf+dxa5QsKnZzU20uNsh3ZI=
github.com/yosuke-furukawa/json5 v0.1.1/go.mod h1:sw49aWDqNdRJ6DYUtIQiaA3xyj2IL9tjeNYmX2ixwcU=
github.com/yuin/goldmark v1.8.2 h1:kEGpgqJXdgbkhcOgBxkC0X0PmoPG1ZyoZ117rDVp4zE=
github.com/yuin/goldmark v1.8.2/go.mod h1:ip/1k0VRfGynBgxOz0yCqHrbZXhcjxyuS66Brc7iBKg=
github.com/yuin/goldmark-emoji v1.0.6 h1:QWfF2FYaXwL74tfGOW5izeiZepUDroDJfWubQI9HTHs=
github.com/yuin/goldmark-emoji v1.0.6/go.mod h1:ukxJDKFpdFb5x0a5HqbdlcKtebh086iJpI31LTKmWuA=
golang.org/x/crypto v0.53.0 h1:QZ4Muo8THX6CizN2vPPd5fBGHyogrdK9fG4wLPFUsto=
golang.org/x/crypto v0.53.0/go.mod h1:DNLU434OwVakk9PzuwV8w62mAJpRJL3vsgcfp4Qnsio=
golang.org/x/exp v0.0.0-20231006140011-7918f672742d h1:jtJma62tbqLibJ5sFQz8bKtEM8rJBtfilJ2qTU199MI=
golang.org/x/exp v0.0.0-20231006140011-7918f672742d/go.mod h1:ldy0pHrwJyGW56pPQzzkH36rKxoZW1tw7ZJpeKx+hdo=
golang.org/x/net v0.56.0 h1:Rw8j/hFzGvJUZwNBXnAtf5sVDVt+65SK2C7IxCxZt5o=
golang.org/x/net v0.56.0/go.mod h1:D3Ku6r+V6JROoZK144D2XfMHFcMq/0zSfLelVTCFKec=
golang.org/x/sync v0.21.0 h1:HLII4xRRTtCRkxYp4HNFF0Js/Og6q2i++KXbg0gHCwM=
golang.org/x/sync v0.21.0/go.mod h1:9xrNwdLfx4jkKbNva9FpL6vEN7evnE43NNNJQ2LF3+0=
golang.org/x/sys v0.0.0-20220310020820-b874c991c1a5/go.mod h1:oPkhp1MJrh7nUepCBck5+mAzfO9JrbApNNgaTdGDITg=
golang.org/x/sys v0.46.0 h1:noSf2Fq6F8DBgS+LysIkx7rIExoNHJsxOAtPp4rthXw=
golang.org/x/sys v0.46.0/go.mod h1:4GL1E5IUh+htKOUEOaiffhrAeqysfVGipDYzABqnCmw=
golang.org/x/term v0.44.0 h1:0rLvDRCtNj0gZkyIXhCyOb2OAzEhLVqc4B+hrsBhrmc=
golang.org/x/term v0.44.0/go.mod h1:7ze4MdzUzLXpSAoFP1H0bOI9aXDqveSvatT5vKcFh2Y=
golang.org/x/text v0.39.0 h1:UbZz4pLOvn600D6Oh6GGEI6VAmndrEBLv8/6BEXzyus=
golang.org/x/text v0.39.0/go.mod h1:3UwRclnC2g0TU9x8PZiyfOajCd1zaUNHF9cvqcQZ+ZM=
gopkg.in/sourcemap.v1 v1.0.5 h1:inv58fC9f9J3TK2Y2R1NPntXEn3/wjWHkonhIUODNTI=
gopkg.in/sourcemap.v1 v1.0.5/go.mod h1:2RlvNNSMglmRrcvhfuzp4hQHwOtjxlbjX7UPY/GXb78=
